<?xml version="1.0" encoding="utf-8"?>
<Project ToolsVersion="4.0" xmlns="http://schemas.microsoft.com/developer/msbuild/2003">
  <ItemGroup>
    <Filter Include="Source Files">
      <UniqueIdentifier>{4FC737F1-C7A5-4376-A066-2A32D752A2FF}</UniqueIdentifier>
      <Extensions>cpp;c;cc;cxx;def;odl;idl;hpj;bat;asm;asmx</Extensions>
    </Filter>
    <Filter Include="Header Files">
      <UniqueIdentifier>{93995380-89BD-4b04-88EB-625FBE52EBFB}</UniqueIdentifier>
      <Extensions>h;hh;hpp;hxx;hm;inl;inc;xsd</Extensions>
    </Filter>
    <Filter Include="Resource Files">
      <UniqueIdentifier>{67DA6AB6-F800-4c08-8B7A-83BB121AAD01}</UniqueIdentifier>
      <Extensions>rc;ico;cur;bmp;dlg;rc2;rct;bin;rgs;gif;jpg;jpeg;jpe;resx;tiff;tif;png;wav;mfcribbon-ms</Extensions>
    </Filter>
    <Filter Include="Source Files\Scene">
      <UniqueIdentifier>{42f136b1-5f2e-4061-97fa-d7a824254929}</UniqueIdentifier>
    </Filter>
    <Filter Include="Header Files\Scene">
      <UniqueIdentifier>{1e16e7be-68da-44df-808d-75e856f90ec1}</UniqueIdentifier>
    </Filter>
    <Filter Include="Header Files\Entity">
      <UniqueIdentifier>{a0762db4-b25a-4706-bcb4-5fc4e444fe57}</UniqueIdentifier>
    </Filter>
    <Filter Include="Source Files\Entity">
      <UniqueIdentifier>{6f49f491-9053-4b53-8355-d6dc24dfdb4e}</UniqueIdentifier>
    </Filter>
    <Filter Include="Header Files\Program">
      <UniqueIdentifier>{7f500a76-3718-45fa-af6e-a2e1740cdfd5}</UniqueIdentifier>
    </Filter>
    <Filter Include="Source Files\Program">
      <UniqueIdentifier>{19f3fba2-9e64-435f-97f1-16057b73e561}</UniqueIdentifier>
    </Filter>
    <Filter Include="Header Files\Resource">
      <UniqueIdentifier>{848da287-77f9-49d9-a49a-6a5be5a3576c}</UniqueIdentifier>
    </Filter>
    <Filter Include="Source Files\Resource">
      <UniqueIdentifier>{1f7d0aef-4136-4158-9b0f-e67b1f494d4b}</UniqueIdentifier>
    </Filter>
  </ItemGroup>
  <ItemGroup>
    <ClCompile Include="Main.cpp">
      <Filter>Source Files</Filter>
    </ClCompile>
    <ClCompile Include="Scene\Scene.cpp">
      <Filter>Source Files\Scene</Filter>
    </ClCompile>
    <ClCompile Include="Entity\Entity.cpp">
      <Filter>Source Files\Entity</Filter>
    </ClCompile>
    <ClCompile Include="Scene\SceneNode.cpp">
      <Filter>Source Files\Scene</Filter>
    </ClCompile>
    <ClCompile Include="Program\Program.cpp">
      <Filter>Source Files\Program</Filter>
    </ClCompile>
    <ClCompile Include="Program\ProgramManager.cpp">
      <Filter>Source Files\Program</Filter>
    </ClCompile>
    <ClCompile Include="Entity\TransformEntity.cpp">
      <Filter>Source Files\Entity</Filter>
    </ClCompile>
    <ClCompile Include="Entity\CameraEntity.cpp">
      <Filter>Source Files\Entity</Filter>
    </ClCompile>
    <ClCompile Include="Entity\MeshEntity.cpp">
      <Filter>Source Files\Entity</Filter>
    </ClCompile>
    <ClCompile Include="Entity\LightEntity.cpp">
      <Filter>Source Files\Entity</Filter>
    </ClCompile>
    <ClCompile Include="Entity\ParticleEntity.cpp">
      <Filter>Source Files\Entity</Filter>
    </ClCompile>
    <ClCompile Include="Resource\Resource.cpp">
      <Filter>Source Files\Resource</Filter>
    </ClCompile>
    <ClCompile Include="Resource\ResourceManager.cpp">
      <Filter>Source Files\Resource</Filter>
    </ClCompile>
    <ClCompile Include="Resource\MeshResource.cpp">
      <Filter>Source Files\Resource</Filter>
    </ClCompile>
    <ClCompile Include="Resource\TextureResource.cpp">
      <Filter>Source Files\Resource</Filter>
    </ClCompile>
    <ClCompile Include="Renderer.cpp">
      <Filter>Source Files</Filter>
    </ClCompile>
    <ClCompile Include="Config.cpp">
      <Filter>Source Files</Filter>
    </ClCompile>
    <ClCompile Include="Node.cpp">
      <Filter>Source Files</Filter>
    </ClCompile>
  </ItemGroup>
  <ItemGroup>
    <ClInclude Include="Scene\Scene.h">
      <Filter>Header Files\Scene</Filter>
    </ClInclude>
    <ClInclude Include="Entity\Entity.h">
      <Filter>Header Files\Entity</Filter>
    </ClInclude>
    <ClInclude Include="Scene\SceneNode.h">
      <Filter>Header Files\Scene</Filter>
    </ClInclude>
    <ClInclude Include="Program\Program.h">
      <Filter>Header Files\Program</Filter>
    </ClInclude>
    <ClInclude Include="Program\ProgramManager.h">
      <Filter>Header Files\Program</Filter>
    </ClInclude>
    <ClInclude Include="Entity\TransformEntity.h">
      <Filter>Header Files\Entity</Filter>
    </ClInclude>
    <ClInclude Include="Entity\CameraEntity.h">
      <Filter>Header Files\Entity</Filter>
    </ClInclude>
    <ClInclude Include="Entity\MeshEntity.h">
      <Filter>Header Files\Entity</Filter>
    </ClInclude>
    <ClInclude Include="Entity\LightEntity.h">
      <Filter>Header Files\Entity</Filter>
    </ClInclude>
    <ClInclude Include="Entity\ParticleEntity.h">
      <Filter>Header Files\Entity</Filter>
    </ClInclude>
    <ClInclude Include="Resource\Resource.h">
      <Filter>Header Files\Resource</Filter>
    </ClInclude>
    <ClInclude Include="Resource\ResourceManager.h">
      <Filter>Header Files\Resource</Filter>
    </ClInclude>
    <ClInclude Include="Resource\MeshResource.h">
      <Filter>Header Files\Resource</Filter>
    </ClInclude>
    <ClInclude Include="Resource\TextureResource.h">
      <Filter>Header Files\Resource</Filter>
    </ClInclude>
    <ClInclude Include="Renderer.h">
      <Filter>Header Files</Filter>
    </ClInclude>
    <ClInclude Include="Config.h">
      <Filter>Header Files</Filter>
    </ClInclude>
    <ClInclude Include="Node.h">
      <Filter>Header Files</Filter>
    </ClInclude>
  </ItemGroup>
</Project>